
Microsoft Visual Studio Solution File, Format Version 12.00
# Visual Studio Version 16
VisualStudioVersion = 16.0.30406.217
MinimumVisualStudioVersion = 10.0.40219.1
Project("{9A19103F-16F7-4668-BE54-9A1E7A4F7556}") = "Vernam", "DataProtection\Vernam.csproj", "{FDB5CE52-1C7E-460D-A15B-2B86F2E1760E}"
EndProject
Project("{FAE04EC0-301F-11D3-BF4B-00C04F79EFBC}") = "RSA", "RSA\RSA.csproj", "{408A3FFD-4232-464E-A01A-2C988D88BFD9}"
EndProject
Project("{FAE04EC0-301F-11D3-BF4B-00C04F79EFBC}") = "Diffie-Hellman", "Diffie-Hellman\Diffie-Hellman.csproj", "{BAD64687-C597-470D-A7B0-8445CEF649B7}"
EndProject
Project("{FAE04EC0-301F-11D3-BF4B-00C04F79EFBC}") = "DES", "DES\DES.csproj", "{DED6FA42-9622-41E1-82DD-BE649CE0778D}"
EndProject
Project("{FAE04EC0-301F-11D3-BF4B-00C04F79EFBC}") = "ErrorCorrection", "ErrorCorrection\ErrorCorrection.csproj", "{F2F3F3EA-5BA6-4A75-88BB-7AC2D427C6CE}"
EndProject
Project("{FAE04EC0-301F-11D3-BF4B-00C04F79EFBC}") = "LZW", "LZW\LZW.csproj", "{37055342-D4EE-441C-864C-CC18E703BDAD}"
EndProject
Project("{FAE04EC0-301F-11D3-BF4B-00C04F79EFBC}") = "Hash", "Hash\Hash.csproj", "{91E362B4-2F7D-4622-B08C-4850FE558571}"
EndProject
Project("{FAE04EC0-301F-11D3-BF4B-00C04F79EFBC}") = "Gamma", "Gamma\Gamma.csproj", "{5D19B01D-07D0-4B6F-99D7-E3D814E8EB19}"
EndProject
Global
	GlobalSection(SolutionConfigurationPlatforms) = preSolution
		Debug|Any CPU = Debug|Any CPU
		Release|Any CPU = Release|Any CPU
	EndGlobalSection
	GlobalSection(ProjectConfigurationPlatforms) = postSolution
		{FDB5CE52-1C7E-460D-A15B-2B86F2E1760E}.Debug|Any CPU.ActiveCfg = Debug|Any CPU
		{FDB5CE52-1C7E-460D-A15B-2B86F2E1760E}.Debug|Any CPU.Build.0 = Debug|Any CPU
		{FDB5CE52-1C7E-460D-A15B-2B86F2E1760E}.Release|Any CPU.ActiveCfg = Release|Any CPU
		{FDB5CE52-1C7E-460D-A15B-2B86F2E1760E}.Release|Any CPU.Build.0 = Release|Any CPU
		{408A3FFD-4232-464E-A01A-2C988D88BFD9}.Debug|Any CPU.ActiveCfg = Debug|Any CPU
		{408A3FFD-4232-464E-A01A-2C988D88BFD9}.Debug|Any CPU.Build.0 = Debug|Any CPU
		{408A3FFD-4232-464E-A01A-2C988D88BFD9}.Release|Any CPU.ActiveCfg = Release|Any CPU
		{408A3FFD-4232-464E-A01A-2C988D88BFD9}.Release|Any CPU.Build.0 = Release|Any CPU
		{BAD64687-C597-470D-A7B0-8445CEF649B7}.Debug|Any CPU.ActiveCfg = Debug|Any CPU
		{BAD64687-C597-470D-A7B0-8445CEF649B7}.Debug|Any CPU.Build.0 = Debug|Any CPU
		{BAD64687-C597-470D-A7B0-8445CEF649B7}.Release|Any CPU.ActiveCfg = Release|Any CPU
		{BAD64687-C597-470D-A7B0-8445CEF649B7}.Release|Any CPU.Build.0 = Release|Any CPU
		{DED6FA42-9622-41E1-82DD-BE649CE0778D}.Debug|Any CPU.ActiveCfg = Debug|Any CPU
		{DED6FA42-9622-41E1-82DD-BE649CE0778D}.Debug|Any CPU.Build.0 = Debug|Any CPU
		{DED6FA42-9622-41E1-82DD-BE649CE0778D}.Release|Any CPU.ActiveCfg = Release|Any CPU
		{DED6FA42-9622-41E1-82DD-BE649CE0778D}.Release|Any CPU.Build.0 = Release|Any CPU
		{F2F3F3EA-5BA6-4A75-88BB-7AC2D427C6CE}.Debug|Any CPU.ActiveCfg = Debug|Any CPU
		{F2F3F3EA-5BA6-4A75-88BB-7AC2D427C6CE}.Debug|Any CPU.Build.0 = Debug|Any CPU
		{F2F3F3EA-5BA6-4A75-88BB-7AC2D427C6CE}.Release|Any CPU.ActiveCfg = Release|Any CPU
		{F2F3F3EA-5BA6-4A75-88BB-7AC2D427C6CE}.Release|Any CPU.Build.0 = Release|Any CPU
		{37055342-D4EE-441C-864C-CC18E703BDAD}.Debug|Any CPU.ActiveCfg = Debug|Any CPU
		{37055342-D4EE-441C-864C-CC18E703BDAD}.Debug|Any CPU.Build.0 = Debug|Any CPU
		{37055342-D4EE-441C-864C-CC18E703BDAD}.Release|Any CPU.ActiveCfg = Release|Any CPU
		{37055342-D4EE-441C-864C-CC18E703BDAD}.Release|Any CPU.Build.0 = Release|Any CPU
		{91E362B4-2F7D-4622-B08C-4850FE558571}.Debug|Any CPU.ActiveCfg = Debug|Any CPU
		{91E362B4-2F7D-4622-B08C-4850FE558571}.Debug|Any CPU.Build.0 = Debug|Any CPU
		{91E362B4-2F7D-4622-B08C-4850FE558571}.Release|Any CPU.ActiveCfg = Release|Any CPU
		{91E362B4-2F7D-4622-B08C-4850FE558571}.Release|Any CPU.Build.0 = Release|Any CPU
		{5D19B01D-07D0-4B6F-99D7-E3D814E8EB19}.Debug|Any CPU.ActiveCfg = Debug|Any CPU
		{5D19B01D-07D0-4B6F-99D7-E3D814E8EB19}.Debug|Any CPU.Build.0 = Debug|Any CPU
		{5D19B01D-07D0-4B6F-99D7-E3D814E8EB19}.Release|Any CPU.ActiveCfg = Release|Any CPU
		{5D19B01D-07D0-4B6F-99D7-E3D814E8EB19}.Release|Any CPU.Build.0 = Release|Any CPU
	EndGlobalSection
	GlobalSection(SolutionProperties) = preSolution
		HideSolutionNode = FALSE
	EndGlobalSection
	GlobalSection(ExtensibilityGlobals) = postSolution
		SolutionGuid = {005A9D4C-EE78-42EC-ADD1-3C9B6154DEC3}
	EndGlobalSection
EndGlobal
